
Microsoft Visual Studio Solution File, Format Version 12.00
# Visual Studio 15
VisualStudioVersion = 15.0.28307.168
MinimumVisualStudioVersion = 10.0.40219.1
Project("{9A19103F-16F7-4668-BE54-9A1E7A4F7556}") = "ChainsawCore", "ChainsawCore\ChainsawCore.csproj", "{638A4591-A5AC-44FE-AC5C-01AF3B26CC6C}"
EndProject
Project("{9A19103F-16F7-4668-BE54-9A1E7A4F7556}") = "Chainsaw.Web", "Chainsaw.Web\Chainsaw.Web.csproj", "{F06E7BAA-77FA-4F86-9AE7-EC6E8506C1D7}"
EndProject
Global
	GlobalSection(SolutionConfigurationPlatforms) = preSolution
		Debug|Any CPU = Debug|Any CPU
		Release|Any CPU = Release|Any CPU
	EndGlobalSection
	GlobalSection(ProjectConfigurationPlatforms) = postSolution
		{638A4591-A5AC-44FE-AC5C-01AF3B26CC6C}.Debug|Any CPU.ActiveCfg = Debug|Any CPU
		{638A4591-A5AC-44FE-AC5C-01AF3B26CC6C}.Debug|Any CPU.Build.0 = Debug|Any CPU
		{638A4591-A5AC-44FE-AC5C-01AF3B26CC6C}.Release|Any CPU.ActiveCfg = Release|Any CPU
		{638A4591-A5AC-44FE-AC5C-01AF3B26CC6C}.Release|Any CPU.Build.0 = Release|Any CPU
		{F06E7BAA-77FA-4F86-9AE7-EC6E8506C1D7}.Debug|Any CPU.ActiveCfg = Debug|Any CPU
		{F06E7BAA-77FA-4F86-9AE7-EC6E8506C1D7}.Debug|Any CPU.Build.0 = Debug|Any CPU
		{F06E7BAA-77FA-4F86-9AE7-EC6E8506C1D7}.Release|Any CPU.ActiveCfg = Release|Any CPU
		{F06E7BAA-77FA-4F86-9AE7-EC6E8506C1D7}.Release|Any CPU.Build.0 = Release|Any CPU
	EndGlobalSection
	GlobalSection(SolutionProperties) = preSolution
		HideSolutionNode = FALSE
	EndGlobalSection
	GlobalSection(ExtensibilityGlobals) = postSolution
		SolutionGuid = {4CF17DBB-108C-4130-9144-59A0B03FF1E1}
	EndGlobalSection
EndGlobal
